// !$*UTF8*$!
{
	archiveVersion = 1;
	classes = {
	};
	objectVersion = 55;
	objects = {

/* Begin PBXBuildFile section */
		4FE4DE1E02251F7E13F98419 /* Pods_CityWeather.framework in Frameworks */ = {isa = PBXBuildFile; fileRef = 2171737707F0E8AF8FE0F732 /* Pods_CityWeather.framework */; };
		72457FDD9B20CF31A91FCDA9 /* Pods_CityWeatherTests.framework in Frameworks */ = {isa = PBXBuildFile; fileRef = 6C309D3D027585D0FCE1774B /* Pods_CityWeatherTests.framework */; };
		DE0200D427FA59C600BDC0EF /* hot.json in Resources */ = {isa = PBXBuildFile; fileRef = DE0200D327FA59C600BDC0EF /* hot.json */; };
		DE0200D627FA59DA00BDC0EF /* LottieView.swift in Sources */ = {isa = PBXBuildFile; fileRef = DE0200D527FA59DA00BDC0EF /* LottieView.swift */; };
		DE3006BF27FA5B4F00ACA8E0 /* cold.json in Resources */ = {isa = PBXBuildFile; fileRef = DE3006BE27FA5B4F00ACA8E0 /* cold.json */; };
		DE3006C327FA975800ACA8E0 /* PersistenceController.swift in Sources */ = {isa = PBXBuildFile; fileRef = DE3006C227FA975800ACA8E0 /* PersistenceController.swift */; };
		DE3006C527FB426B00ACA8E0 /* AlertExtensions.swift in Sources */ = {isa = PBXBuildFile; fileRef = DE3006C427FB426B00ACA8E0 /* AlertExtensions.swift */; };
		DE631EB827F93544008CD844 /* CityWeatherApp.swift in Sources */ = {isa = PBXBuildFile; fileRef = DE631EB727F93544008CD844 /* CityWeatherApp.swift */; };
		DE631EBA27F93544008CD844 /* CityWeatherListView.swift in Sources */ = {isa = PBXBuildFile; fileRef = DE631EB927F93544008CD844 /* CityWeatherListView.swift */; };
		DE631EBC27F93547008CD844 /* Assets.xcassets in Resources */ = {isa = PBXBuildFile; fileRef = DE631EBB27F93547008CD844 /* Assets.xcassets */; };
		DE631EBF27F93547008CD844 /* Preview Assets.xcassets in Resources */ = {isa = PBXBuildFile; fileRef = DE631EBE27F93547008CD844 /* Preview Assets.xcassets */; };
		DE631ED327F954E1008CD844 /* CityListView.swift in Sources */ = {isa = PBXBuildFile; fileRef = DE631ED227F954E1008CD844 /* CityListView.swift */; };
		DE631ED527F95523008CD844 /* AddCityView.swift in Sources */ = {isa = PBXBuildFile; fileRef = DE631ED427F95523008CD844 /* AddCityView.swift */; };
		DE631EDC27F9F31E008CD844 /* GooglePlacesDataManager.swift in Sources */ = {isa = PBXBuildFile; fileRef = DE631EDB27F9F31E008CD844 /* GooglePlacesDataManager.swift */; };
		DE631EDE27F9F33F008CD844 /* SearchResults.swift in Sources */ = {isa = PBXBuildFile; fileRef = DE631EDD27F9F33F008CD844 /* SearchResults.swift */; };
		DE631EE027F9F36B008CD844 /* CityWeatherDataManager.swift in Sources */ = {isa = PBXBuildFile; fileRef = DE631EDF27F9F36B008CD844 /* CityWeatherDataManager.swift */; };
		DE631EE227F9F3A0008CD844 /* CityData.swift in Sources */ = {isa = PBXBuildFile; fileRef = DE631EE127F9F3A0008CD844 /* CityData.swift */; };
		DE631EE527F9F485008CD844 /* StringExtensions.swift in Sources */ = {isa = PBXBuildFile; fileRef = DE631EE427F9F485008CD844 /* StringExtensions.swift */; };
		DE631EE827F9F75A008CD844 /* City.xcdatamodeld in Sources */ = {isa = PBXBuildFile; fileRef = DE631EE627F9F75A008CD844 /* City.xcdatamodeld */; };
		DE631EFD27FA0107008CD844 /* ExtensionHelperTests.swift in Sources */ = {isa = PBXBuildFile; fileRef = DE631EFC27FA0107008CD844 /* ExtensionHelperTests.swift */; };
		DE631EFF27FA15C2008CD844 /* CityWeatherData.swift in Sources */ = {isa = PBXBuildFile; fileRef = DE631EFE27FA15C2008CD844 /* CityWeatherData.swift */; };
		DE631F0127FA15E2008CD844 /* AppConstants.swift in Sources */ = {isa = PBXBuildFile; fileRef = DE631F0027FA15E2008CD844 /* AppConstants.swift */; };
		DE631F0727FA19E5008CD844 /* HourlyForecastRow.swift in Sources */ = {isa = PBXBuildFile; fileRef = DE631F0627FA19E5008CD844 /* HourlyForecastRow.swift */; };
		DE631F0927FA19F4008CD844 /* HourlyForecastRowModel.swift in Sources */ = {isa = PBXBuildFile; fileRef = DE631F0827FA19F4008CD844 /* HourlyForecastRowModel.swift */; };
		DE631F0B27FA1A02008CD844 /* CurrentForecastRow.swift in Sources */ = {isa = PBXBuildFile; fileRef = DE631F0A27FA1A02008CD844 /* CurrentForecastRow.swift */; };
		DE631F0D27FA1A10008CD844 /* CurrentForecastRowModel.swift in Sources */ = {isa = PBXBuildFile; fileRef = DE631F0C27FA1A10008CD844 /* CurrentForecastRowModel.swift */; };
		DED763C927FA1AFD008F5548 /* DateFormatterExtensions.swift in Sources */ = {isa = PBXBuildFile; fileRef = DED763C827FA1AFD008F5548 /* DateFormatterExtensions.swift */; };
		DED763CC27FA20C1008F5548 /* CityWeatherDetailView.swift in Sources */ = {isa = PBXBuildFile; fileRef = DED763CB27FA20C1008F5548 /* CityWeatherDetailView.swift */; };
		DED763CE27FA20CB008F5548 /* CityWeatherDetailViewModel.swift in Sources */ = {isa = PBXBuildFile; fileRef = DED763CD27FA20CB008F5548 /* CityWeatherDetailViewModel.swift */; };
		DED763D227FA3F48008F5548 /* CityWeatherListViewModel.swift in Sources */ = {isa = PBXBuildFile; fileRef = DED763D127FA3F48008F5548 /* CityWeatherListViewModel.swift */; };
		DED763D627FA4844008F5548 /* CityListViewModel.swift in Sources */ = {isa = PBXBuildFile; fileRef = DED763D527FA4844008F5548 /* CityListViewModel.swift */; };
		DED763D927FA4B44008F5548 /* AddCityViewModel.swift in Sources */ = {isa = PBXBuildFile; fileRef = DED763D827FA4B44008F5548 /* AddCityViewModel.swift */; };
/* End PBXBuildFile section */

/* Begin PBXContainerItemProxy section */
		DE631EF727FA009E008CD844 /* PBXContainerItemProxy */ = {
			isa = PBXContainerItemProxy;
			containerPortal = DE631EAC27F93544008CD844 /* Project object */;
			proxyType = 1;
			remoteGlobalIDString = DE631EB327F93544008CD844;
			remoteInfo = CityWeather;
		};
/* End PBXContainerItemProxy section */

/* Begin PBXFileReference section */
		197A29D229B1897B8124729D /* Pods-CityWeatherTests.debug.xcconfig */ = {isa = PBXFileReference; includeInIndex = 1; lastKnownFileType = text.xcconfig; name = "Pods-CityWeatherTests.debug.xcconfig"; path = "Target Support Files/Pods-CityWeatherTests/Pods-CityWeatherTests.debug.xcconfig"; sourceTree = "<group>"; };
		2171737707F0E8AF8FE0F732 /* Pods_CityWeather.framework */ = {isa = PBXFileReference; explicitFileType = wrapper.framework; includeInIndex = 0; path = Pods_CityWeather.framework; sourceTree = BUILT_PRODUCTS_DIR; };
		2D0874AD1B805580A3C06200 /* Pods-CityWeather.debug.xcconfig */ = {isa = PBXFileReference; includeInIndex = 1; lastKnownFileType = text.xcconfig; name = "Pods-CityWeather.debug.xcconfig"; path = "Target Support Files/Pods-CityWeather/Pods-CityWeather.debug.xcconfig"; sourceTree = "<group>"; };
		40EA4D199FDA5669BEB0EF26 /* Pods-CityWeather.release.xcconfig */ = {isa = PBXFileReference; includeInIndex = 1; lastKnownFileType = text.xcconfig; name = "Pods-CityWeather.release.xcconfig"; path = "Target Support Files/Pods-CityWeather/Pods-CityWeather.release.xcconfig"; sourceTree = "<group>"; };
		6C309D3D027585D0FCE1774B /* Pods_CityWeatherTests.framework */ = {isa = PBXFileReference; explicitFileType = wrapper.framework; includeInIndex = 0; path = Pods_CityWeatherTests.framework; sourceTree = BUILT_PRODUCTS_DIR; };
		800FC96A67636FFCD90955F2 /* Pods-CityWeatherTests.release.xcconfig */ = {isa = PBXFileReference; includeInIndex = 1; lastKnownFileType = text.xcconfig; name = "Pods-CityWeatherTests.release.xcconfig"; path = "Target Support Files/Pods-CityWeatherTests/Pods-CityWeatherTests.release.xcconfig"; sourceTree = "<group>"; };
		DE0200D327FA59C600BDC0EF /* hot.json */ = {isa = PBXFileReference; fileEncoding = 4; lastKnownFileType = text.json; path = hot.json; sourceTree = "<group>"; };
		DE0200D527FA59DA00BDC0EF /* LottieView.swift */ = {isa = PBXFileReference; lastKnownFileType = sourcecode.swift; path = LottieView.swift; sourceTree = "<group>"; };
		DE3006BE27FA5B4F00ACA8E0 /* cold.json */ = {isa = PBXFileReference; fileEncoding = 4; lastKnownFileType = text.json; path = cold.json; sourceTree = "<group>"; };
		DE3006C227FA975800ACA8E0 /* PersistenceController.swift */ = {isa = PBXFileReference; lastKnownFileType = sourcecode.swift; path = PersistenceController.swift; sourceTree = "<group>"; };
		DE3006C427FB426B00ACA8E0 /* AlertExtensions.swift */ = {isa = PBXFileReference; lastKnownFileType = sourcecode.swift; path = AlertExtensions.swift; sourceTree = "<group>"; };
		DE631EB427F93544008CD844 /* CityWeather.app */ = {isa = PBXFileReference; explicitFileType = wrapper.application; includeInIndex = 0; path = CityWeather.app; sourceTree = BUILT_PRODUCTS_DIR; };
		DE631EB727F93544008CD844 /* CityWeatherApp.swift */ = {isa = PBXFileReference; lastKnownFileType = sourcecode.swift; path = CityWeatherApp.swift; sourceTree = "<group>"; };
		DE631EB927F93544008CD844 /* CityWeatherListView.swift */ = {isa = PBXFileReference; lastKnownFileType = sourcecode.swift; path = CityWeatherListView.swift; sourceTree = "<group>"; };
		DE631EBB27F93547008CD844 /* Assets.xcassets */ = {isa = PBXFileReference; lastKnownFileType = folder.assetcatalog; path = Assets.xcassets; sourceTree = "<group>"; };
		DE631EBE27F93547008CD844 /* Preview Assets.xcassets */ = {isa = PBXFileReference; lastKnownFileType = folder.assetcatalog; path = "Preview Assets.xcassets"; sourceTree = "<group>"; };
		DE631ED227F954E1008CD844 /* CityListView.swift */ = {isa = PBXFileReference; lastKnownFileType = sourcecode.swift; path = CityListView.swift; sourceTree = "<group>"; };
		DE631ED427F95523008CD844 /* AddCityView.swift */ = {isa = PBXFileReference; lastKnownFileType = sourcecode.swift; path = AddCityView.swift; sourceTree = "<group>"; };
		DE631EDB27F9F31E008CD844 /* GooglePlacesDataManager.swift */ = {isa = PBXFileReference; lastKnownFileType = sourcecode.swift; path = GooglePlacesDataManager.swift; sourceTree = "<group>"; };
		DE631EDD27F9F33F008CD844 /* SearchResults.swift */ = {isa = PBXFileReference; lastKnownFileType = sourcecode.swift; path = SearchResults.swift; sourceTree = "<group>"; };
		DE631EDF27F9F36B008CD844 /* CityWeatherDataManager.swift */ = {isa = PBXFileReference; lastKnownFileType = sourcecode.swift; path = CityWeatherDataManager.swift; sourceTree = "<group>"; };
		DE631EE127F9F3A0008CD844 /* CityData.swift */ = {isa = PBXFileReference; lastKnownFileType = sourcecode.swift; path = CityData.swift; sourceTree = "<group>"; };
		DE631EE427F9F485008CD844 /* StringExtensions.swift */ = {isa = PBXFileReference; lastKnownFileType = sourcecode.swift; path = StringExtensions.swift; sourceTree = "<group>"; };
		DE631EE727F9F75A008CD844 /* City.xcdatamodel */ = {isa = PBXFileReference; lastKnownFileType = wrapper.xcdatamodel; path = City.xcdatamodel; sourceTree = "<group>"; };
		DE631EF327FA009E008CD844 /* CityWeatherTests.xctest */ = {isa = PBXFileReference; explicitFileType = wrapper.cfbundle; includeInIndex = 0; path = CityWeatherTests.xctest; sourceTree = BUILT_PRODUCTS_DIR; };
		DE631EFC27FA0107008CD844 /* ExtensionHelperTests.swift */ = {isa = PBXFileReference; lastKnownFileType = sourcecode.swift; path = ExtensionHelperTests.swift; sourceTree = "<group>"; };
		DE631EFE27FA15C2008CD844 /* CityWeatherData.swift */ = {isa = PBXFileReference; lastKnownFileType = sourcecode.swift; path = CityWeatherData.swift; sourceTree = "<group>"; };
		DE631F0027FA15E2008CD844 /* AppConstants.swift */ = {isa = PBXFileReference; lastKnownFileType = sourcecode.swift; path = AppConstants.swift; sourceTree = "<group>"; };
		DE631F0627FA19E5008CD844 /* HourlyForecastRow.swift */ = {isa = PBXFileReference; lastKnownFileType = sourcecode.swift; path = HourlyForecastRow.swift; sourceTree = "<group>"; };
		DE631F0827FA19F4008CD844 /* HourlyForecastRowModel.swift */ = {isa = PBXFileReference; lastKnownFileType = sourcecode.swift; path = HourlyForecastRowModel.swift; sourceTree = "<group>"; };
		DE631F0A27FA1A02008CD844 /* CurrentForecastRow.swift */ = {isa = PBXFileReference; lastKnownFileType = sourcecode.swift; path = CurrentForecastRow.swift; sourceTree = "<group>"; };
		DE631F0C27FA1A10008CD844 /* CurrentForecastRowModel.swift */ = {isa = PBXFileReference; lastKnownFileType = sourcecode.swift; path = CurrentForecastRowModel.swift; sourceTree = "<group>"; };
		DED763C827FA1AFD008F5548 /* DateFormatterExtensions.swift */ = {isa = PBXFileReference; lastKnownFileType = sourcecode.swift; path = DateFormatterExtensions.swift; sourceTree = "<group>"; };
		DED763CB27FA20C1008F5548 /* CityWeatherDetailView.swift */ = {isa = PBXFileReference; lastKnownFileType = sourcecode.swift; path = CityWeatherDetailView.swift; sourceTree = "<group>"; };
		DED763CD27FA20CB008F5548 /* CityWeatherDetailViewModel.swift */ = {isa = PBXFileReference; lastKnownFileType = sourcecode.swift; path = CityWeatherDetailViewModel.swift; sourceTree = "<group>"; };
		DED763D127FA3F48008F5548 /* CityWeatherListViewModel.swift */ = {isa = PBXFileReference; lastKnownFileType = sourcecode.swift; path = CityWeatherListViewModel.swift; sourceTree = "<group>"; };
		DED763D527FA4844008F5548 /* CityListViewModel.swift */ = {isa = PBXFileReference; lastKnownFileType = sourcecode.swift; path = CityListViewModel.swift; sourceTree = "<group>"; };
		DED763D827FA4B44008F5548 /* AddCityViewModel.swift */ = {isa = PBXFileReference; lastKnownFileType = sourcecode.swift; path = AddCityViewModel.swift; sourceTree = "<group>"; };
/* End PBXFileReference section */

/* Begin PBXFrameworksBuildPhase section */
		DE631EB127F93544008CD844 /* Frameworks */ = {
			isa = PBXFrameworksBuildPhase;
			buildActionMask = 2147483647;
			files = (
				4FE4DE1E02251F7E13F98419 /* Pods_CityWeather.framework in Frameworks */,
			);
			runOnlyForDeploymentPostprocessing = 0;
		};
		DE631EF027FA009E008CD844 /* Frameworks */ = {
			isa = PBXFrameworksBuildPhase;
			buildActionMask = 2147483647;
			files = (
				72457FDD9B20CF31A91FCDA9 /* Pods_CityWeatherTests.framework in Frameworks */,
			);
			runOnlyForDeploymentPostprocessing = 0;
		};
/* End PBXFrameworksBuildPhase section */

/* Begin PBXGroup section */
		C215243573ABC0E8887218A2 /* Frameworks */ = {
			isa = PBXGroup;
			children = (
				2171737707F0E8AF8FE0F732 /* Pods_CityWeather.framework */,
				6C309D3D027585D0FCE1774B /* Pods_CityWeatherTests.framework */,
			);
			name = Frameworks;
			sourceTree = "<group>";
		};
		D07CAF7A3DE05A3D5C257E81 /* Pods */ = {
			isa = PBXGroup;
			children = (
				2D0874AD1B805580A3C06200 /* Pods-CityWeather.debug.xcconfig */,
				40EA4D199FDA5669BEB0EF26 /* Pods-CityWeather.release.xcconfig */,
				197A29D229B1897B8124729D /* Pods-CityWeatherTests.debug.xcconfig */,
				800FC96A67636FFCD90955F2 /* Pods-CityWeatherTests.release.xcconfig */,
			);
			path = Pods;
			sourceTree = "<group>";
		};
		DE0200D227FA597900BDC0EF /* LottieAnimations */ = {
			isa = PBXGroup;
			children = (
				DE3006BE27FA5B4F00ACA8E0 /* cold.json */,
				DE0200D327FA59C600BDC0EF /* hot.json */,
			);
			path = LottieAnimations;
			sourceTree = "<group>";
		};
		DE631EAB27F93544008CD844 = {
			isa = PBXGroup;
			children = (
				DE631EB627F93544008CD844 /* CityWeather */,
				DE631EF427FA009E008CD844 /* CityWeatherTests */,
				DE631EB527F93544008CD844 /* Products */,
				D07CAF7A3DE05A3D5C257E81 /* Pods */,
				C215243573ABC0E8887218A2 /* Frameworks */,
			);
			sourceTree = "<group>";
		};
		DE631EB527F93544008CD844 /* Products */ = {
			isa = PBXGroup;
			children = (
				DE631EB427F93544008CD844 /* CityWeather.app */,
				DE631EF327FA009E008CD844 /* CityWeatherTests.xctest */,
			);
			name = Products;
			sourceTree = "<group>";
		};
		DE631EB627F93544008CD844 /* CityWeather */ = {
			isa = PBXGroup;
			children = (
				DE631EE327F9F479008CD844 /* Helpers */,
				DE631ED827F95850008CD844 /* Data */,
				DE631F0227FA1981008CD844 /* Views */,
				DE0200D227FA597900BDC0EF /* LottieAnimations */,
				DE631EBB27F93547008CD844 /* Assets.xcassets */,
				DE631EBD27F93547008CD844 /* Preview Content */,
			);
			path = CityWeather;
			sourceTree = "<group>";
		};
		DE631EBD27F93547008CD844 /* Preview Content */ = {
			isa = PBXGroup;
			children = (
				DE631EBE27F93547008CD844 /* Preview Assets.xcassets */,
			);
			path = "Preview Content";
			sourceTree = "<group>";
		};
		DE631ED827F95850008CD844 /* Data */ = {
			isa = PBXGroup;
			children = (
				DE631EDA27F9585F008CD844 /* DataModels */,
				DE631ED927F95856008CD844 /* DataManagers */,
			);
			path = Data;
			sourceTree = "<group>";
		};
		DE631ED927F95856008CD844 /* DataManagers */ = {
			isa = PBXGroup;
			children = (
				DE631EDB27F9F31E008CD844 /* GooglePlacesDataManager.swift */,
				DE631EDF27F9F36B008CD844 /* CityWeatherDataManager.swift */,
				DE3006C227FA975800ACA8E0 /* PersistenceController.swift */,
			);
			path = DataManagers;
			sourceTree = "<group>";
		};
		DE631EDA27F9585F008CD844 /* DataModels */ = {
			isa = PBXGroup;
			children = (
				DE631EFE27FA15C2008CD844 /* CityWeatherData.swift */,
				DE631EDD27F9F33F008CD844 /* SearchResults.swift */,
				DE631EE127F9F3A0008CD844 /* CityData.swift */,
				DE631EE627F9F75A008CD844 /* City.xcdatamodeld */,
			);
			path = DataModels;
			sourceTree = "<group>";
		};
		DE631EE327F9F479008CD844 /* Helpers */ = {
			isa = PBXGroup;
			children = (
				DE631F0027FA15E2008CD844 /* AppConstants.swift */,
				DE631EE427F9F485008CD844 /* StringExtensions.swift */,
				DED763C827FA1AFD008F5548 /* DateFormatterExtensions.swift */,
				DE0200D527FA59DA00BDC0EF /* LottieView.swift */,
				DE3006C427FB426B00ACA8E0 /* AlertExtensions.swift */,
			);
			path = Helpers;
			sourceTree = "<group>";
		};
		DE631EF427FA009E008CD844 /* CityWeatherTests */ = {
			isa = PBXGroup;
			children = (
				DE631EFC27FA0107008CD844 /* ExtensionHelperTests.swift */,
			);
			path = CityWeatherTests;
			sourceTree = "<group>";
		};
		DE631F0227FA1981008CD844 /* Views */ = {
			isa = PBXGroup;
			children = (
				DE631EB727F93544008CD844 /* CityWeatherApp.swift */,
				DED763D327FA437B008F5548 /* CityWeatherListView */,
				DED763CA27FA2095008F5548 /* CityWeatherDetailView */,
				DE631F0327FA1998008CD844 /* ListRows */,
				DED763D427FA4825008F5548 /* CityListView */,
				DED763D727FA4B2D008F5548 /* AddCityView */,
			);
			path = Views;
			sourceTree = "<group>";
		};
		DE631F0327FA1998008CD844 /* ListRows */ = {
			isa = PBXGroup;
			children = (
				DE631F0527FA19CF008CD844 /* HourlyForecastRow */,
				DE631F0427FA19C4008CD844 /* CurrentForecastRow */,
			);
			path = ListRows;
			sourceTree = "<group>";
		};
		DE631F0427FA19C4008CD844 /* CurrentForecastRow */ = {
			isa = PBXGroup;
			children = (
				DE631F0A27FA1A02008CD844 /* CurrentForecastRow.swift */,
				DE631F0C27FA1A10008CD844 /* CurrentForecastRowModel.swift */,
			);
			path = CurrentForecastRow;
			sourceTree = "<group>";
		};
		DE631F0527FA19CF008CD844 /* HourlyForecastRow */ = {
			isa = PBXGroup;
			children = (
				DE631F0627FA19E5008CD844 /* HourlyForecastRow.swift */,
				DE631F0827FA19F4008CD844 /* HourlyForecastRowModel.swift */,
			);
			path = HourlyForecastRow;
			sourceTree = "<group>";
		};
		DED763CA27FA2095008F5548 /* CityWeatherDetailView */ = {
			isa = PBXGroup;
			children = (
				DED763CB27FA20C1008F5548 /* CityWeatherDetailView.swift */,
				DED763CD27FA20CB008F5548 /* CityWeatherDetailViewModel.swift */,
			);
			path = CityWeatherDetailView;
			sourceTree = "<group>";
		};
		DED763D327FA437B008F5548 /* CityWeatherListView */ = {
			isa = PBXGroup;
			children = (
				DE631EB927F93544008CD844 /* CityWeatherListView.swift */,
				DED763D127FA3F48008F5548 /* CityWeatherListViewModel.swift */,
			);
			path = CityWeatherListView;
			sourceTree = "<group>";
		};
		DED763D427FA4825008F5548 /* CityListView */ = {
			isa = PBXGroup;
			children = (
				DE631ED227F954E1008CD844 /* CityListView.swift */,
				DED763D527FA4844008F5548 /* CityListViewModel.swift */,
			);
			path = CityListView;
			sourceTree = "<group>";
		};
		DED763D727FA4B2D008F5548 /* AddCityView */ = {
			isa = PBXGroup;
			children = (
				DE631ED427F95523008CD844 /* AddCityView.swift */,
				DED763D827FA4B44008F5548 /* AddCityViewModel.swift */,
			);
			path = AddCityView;
			sourceTree = "<group>";
		};
/* End PBXGroup section */

/* Begin PBXNativeTarget section */
		DE631EB327F93544008CD844 /* CityWeather */ = {
			isa = PBXNativeTarget;
			buildConfigurationList = DE631EC227F93547008CD844 /* Build configuration list for PBXNativeTarget "CityWeather" */;
			buildPhases = (
				2664D317B44E1B8E2A78B1EC /* [CP] Check Pods Manifest.lock */,
				DE631EB027F93544008CD844 /* Sources */,
				DE631EB127F93544008CD844 /* Frameworks */,
				DE631EB227F93544008CD844 /* Resources */,
				C5F166E599FD44F347EC3A92 /* [CP] Embed Pods Frameworks */,
			);
			buildRules = (
			);
			dependencies = (
			);
			name = CityWeather;
			productName = CityWeather;
			productReference = DE631EB427F93544008CD844 /* CityWeather.app */;
			productType = "com.apple.product-type.application";
		};
		DE631EF227FA009E008CD844 /* CityWeatherTests */ = {
			isa = PBXNativeTarget;
			buildConfigurationList = DE631EFB27FA009E008CD844 /* Build configuration list for PBXNativeTarget "CityWeatherTests" */;
			buildPhases = (
				262316798F3AA4F4E91D27A7 /* [CP] Check Pods Manifest.lock */,
				DE631EEF27FA009E008CD844 /* Sources */,
				DE631EF027FA009E008CD844 /* Frameworks */,
				DE631EF127FA009E008CD844 /* Resources */,
			);
			buildRules = (
			);
			dependencies = (
				DE631EF827FA009E008CD844 /* PBXTargetDependency */,
			);
			name = CityWeatherTests;
			productName = CityWeatherTests;
			productReference = DE631EF327FA009E008CD844 /* CityWeatherTests.xctest */;
			productType = "com.apple.product-type.bundle.unit-test";
		};
/* End PBXNativeTarget section */

/* Begin PBXProject section */
		DE631EAC27F93544008CD844 /* Project object */ = {
			isa = PBXProject;
			attributes = {
				BuildIndependentTargetsInParallel = 1;
				LastSwiftUpdateCheck = 1330;
				LastUpgradeCheck = 1330;
				TargetAttributes = {
					DE631EB327F93544008CD844 = {
						CreatedOnToolsVersion = 13.3;
					};
					DE631EF227FA009E008CD844 = {
						CreatedOnToolsVersion = 13.3;
						TestTargetID = DE631EB327F93544008CD844;
					};
				};
			};
			buildConfigurationList = DE631EAF27F93544008CD844 /* Build configuration list for PBXProject "CityWeather" */;
			compatibilityVersion = "Xcode 13.0";
			developmentRegion = en;
			hasScannedForEncodings = 0;
			knownRegions = (
				en,
				Base,
			);
			mainGroup = DE631EAB27F93544008CD844;
			productRefGroup = DE631EB527F93544008CD844 /* Products */;
			projectDirPath = "";
			projectRoot = "";
			targets = (
				DE631EB327F93544008CD844 /* CityWeather */,
				DE631EF227FA009E008CD844 /* CityWeatherTests */,
			);
		};
/* End PBXProject section */

/* Begin PBXResourcesBuildPhase section */
		DE631EB227F93544008CD844 /* Resources */ = {
			isa = PBXResourcesBuildPhase;
			buildActionMask = 2147483647;
			files = (
				DE631EBF27F93547008CD844 /* Preview Assets.xcassets in Resources */,
				DE631EBC27F93547008CD844 /* Assets.xcassets in Resources */,
				DE0200D427FA59C600BDC0EF /* hot.json in Resources */,
				DE3006BF27FA5B4F00ACA8E0 /* cold.json in Resources */,
			);
			runOnlyForDeploymentPostprocessing = 0;
		};
		DE631EF127FA009E008CD844 /* Resources */ = {
			isa = PBXResourcesBuildPhase;
			buildActionMask = 2147483647;
			files = (
			);
			runOnlyForDeploymentPostprocessing = 0;
		};
/* End PBXResourcesBuildPhase section */

/* Begin PBXShellScriptBuildPhase section */
		262316798F3AA4F4E91D27A7 /* [CP] Check Pods Manifest.lock */ = {
			isa = PBXShellScriptBuildPhase;
			buildActionMask = 2147483647;
			files = (
			);
			inputFileListPaths = (
			);
			inputPaths = (
				"${PODS_PODFILE_DIR_PATH}/Podfile.lock",
				"${PODS_ROOT}/Manifest.lock",
			);
			name = "[CP] Check Pods Manifest.lock";
			outputFileListPaths = (
			);
			outputPaths = (
				"$(DERIVED_FILE_DIR)/Pods-CityWeatherTests-checkManifestLockResult.txt",
			);
			runOnlyForDeploymentPostprocessing = 0;
			shellPath = /bin/sh;
			shellScript = "diff \"${PODS_PODFILE_DIR_PATH}/Podfile.lock\" \"${PODS_ROOT}/Manifest.lock\" > /dev/null\nif [ $? != 0 ] ; then\n    # print error to STDERR\n    echo \"error: The sandbox is not in sync with the Podfile.lock. Run 'pod install' or update your CocoaPods installation.\" >&2\n    exit 1\nfi\n# This output is used by Xcode 'outputs' to avoid re-running this script phase.\necho \"SUCCESS\" > \"${SCRIPT_OUTPUT_FILE_0}\"\n";
			showEnvVarsInLog = 0;
		};
		2664D317B44E1B8E2A78B1EC /* [CP] Check Pods Manifest.lock */ = {
			isa = PBXShellScriptBuildPhase;
			buildActionMask = 2147483647;
			files = (
			);
			inputFileListPaths = (
			);
			inputPaths = (
				"${PODS_PODFILE_DIR_PATH}/Podfile.lock",
				"${PODS_ROOT}/Manifest.lock",
			);
			name = "[CP] Check Pods Manifest.lock";
			outputFileListPaths = (
			);
			outputPaths = (
				"$(DERIVED_FILE_DIR)/Pods-CityWeather-checkManifestLockResult.txt",
			);
			runOnlyForDeploymentPostprocessing = 0;
			shellPath = /bin/sh;
			shellScript = "diff \"${PODS_PODFILE_DIR_PATH}/Podfile.lock\" \"${PODS_ROOT}/Manifest.lock\" > /dev/null\nif [ $? != 0 ] ; then\n    # print error to STDERR\n    echo \"error: The sandbox is not in sync with the Podfile.lock. Run 'pod install' or update your CocoaPods installation.\" >&2\n    exit 1\nfi\n# This output is used by Xcode 'outputs' to avoid re-running this script phase.\necho \"SUCCESS\" > \"${SCRIPT_OUTPUT_FILE_0}\"\n";
			showEnvVarsInLog = 0;
		};
		C5F166E599FD44F347EC3A92 /* [CP] Embed Pods Frameworks */ = {
			isa = PBXShellScriptBuildPhase;
			buildActionMask = 2147483647;
			files = (
			);
			inputFileListPaths = (
				"${PODS_ROOT}/Target Support Files/Pods-CityWeather/Pods-CityWeather-frameworks-${CONFIGURATION}-input-files.xcfilelist",
			);
			name = "[CP] Embed Pods Frameworks";
			outputFileListPaths = (
				"${PODS_ROOT}/Target Support Files/Pods-CityWeather/Pods-CityWeather-frameworks-${CONFIGURATION}-output-files.xcfilelist",
			);
			runOnlyForDeploymentPostprocessing = 0;
			shellPath = /bin/sh;
			shellScript = "\"${PODS_ROOT}/Target Support Files/Pods-CityWeather/Pods-CityWeather-frameworks.sh\"\n";
			showEnvVarsInLog = 0;
		};
/* End PBXShellScriptBuildPhase section */

/* Begin PBXSourcesBuildPhase section */
		DE631EB027F93544008CD844 /* Sources */ = {
			isa = PBXSourcesBuildPhase;
			buildActionMask = 2147483647;
			files = (
				DE631EBA27F93544008CD844 /* CityWeatherListView.swift in Sources */,
				DE3006C527FB426B00ACA8E0 /* AlertExtensions.swift in Sources */,
				DE631EDC27F9F31E008CD844 /* GooglePlacesDataManager.swift in Sources */,
				DED763CC27FA20C1008F5548 /* CityWeatherDetailView.swift in Sources */,
				DE631ED527F95523008CD844 /* AddCityView.swift in Sources */,
				DE631EE527F9F485008CD844 /* StringExtensions.swift in Sources */,
				DE631EE027F9F36B008CD844 /* CityWeatherDataManager.swift in Sources */,
				DE631F0B27FA1A02008CD844 /* CurrentForecastRow.swift in Sources */,
				DE631EE227F9F3A0008CD844 /* CityData.swift in Sources */,
				DE631ED327F954E1008CD844 /* CityListView.swift in Sources */,
				DED763D627FA4844008F5548 /* CityListViewModel.swift in Sources */,
				DED763D927FA4B44008F5548 /* AddCityViewModel.swift in Sources */,
				DE631EFF27FA15C2008CD844 /* CityWeatherData.swift in Sources */,
				DED763C927FA1AFD008F5548 /* DateFormatterExtensions.swift in Sources */,
				DE631EDE27F9F33F008CD844 /* SearchResults.swift in Sources */,
				DED763D227FA3F48008F5548 /* CityWeatherListViewModel.swift in Sources */,
				DE631F0927FA19F4008CD844 /* HourlyForecastRowModel.swift in Sources */,
				DED763CE27FA20CB008F5548 /* CityWeatherDetailViewModel.swift in Sources */,
				DE631F0D27FA1A10008CD844 /* CurrentForecastRowModel.swift in Sources */,
				DE631F0127FA15E2008CD844 /* AppConstants.swift in Sources */,
				DE631EE827F9F75A008CD844 /* City.xcdatamodeld in Sources */,
				DE631F0727FA19E5008CD844 /* HourlyForecastRow.swift in Sources */,
				DE3006C327FA975800ACA8E0 /* PersistenceController.swift in Sources */,
				DE631EB827F93544008CD844 /* CityWeatherApp.swift in Sources */,
				DE0200D627FA59DA00BDC0EF /* LottieView.swift in Sources */,
			);
			runOnlyForDeploymentPostprocessing = 0;
		};
		DE631EEF27FA009E008CD844 /* Sources */ = {
			isa = PBXSourcesBuildPhase;
			buildActionMask = 2147483647;
			files = (
				DE631EFD27FA0107008CD844 /* ExtensionHelperTests.swift in Sources */,
			);
			runOnlyForDeploymentPostprocessing = 0;
		};
/* End PBXSourcesBuildPhase section */

/* Begin PBXTargetDependency section */
		DE631EF827FA009E008CD844 /* PBXTargetDependency */ = {
			isa = PBXTargetDependency;
			target = DE631EB327F93544008CD844 /* CityWeather */;
			targetProxy = DE631EF727FA009E008CD844 /* PBXContainerItemProxy */;
		};
/* End PBXTargetDependency section */

/* Begin XCBuildConfiguration section */
		DE631EC027F93547008CD844 /* Debug */ = {
			isa = XCBuildConfiguration;
			buildSettings = {
				ALWAYS_SEARCH_USER_PATHS = NO;
				CLANG_ANALYZER_NONNULL = YES;
				CLANG_ANALYZER_NUMBER_OBJECT_CONVERSION = YES_AGGRESSIVE;
				CLANG_CXX_LANGUAGE_STANDARD = "gnu++17";
				CLANG_ENABLE_MODULES = YES;
				CLANG_ENABLE_OBJC_ARC = YES;
				CLANG_ENABLE_OBJC_WEAK = YES;
				CLANG_WARN_BLOCK_CAPTURE_AUTORELEASING = YES;
				CLANG_WARN_BOOL_CONVERSION = YES;
				CLANG_WARN_COMMA = YES;
				CLANG_WARN_CONSTANT_CONVERSION = YES;
				CLANG_WARN_DEPRECATED_OBJC_IMPLEMENTATIONS = YES;
				CLANG_WARN_DIRECT_OBJC_ISA_USAGE = YES_ERROR;
				CLANG_WARN_DOCUMENTATION_COMMENTS = YES;
				CLANG_WARN_EMPTY_BODY = YES;
				CLANG_WARN_ENUM_CONVERSION = YES;
				CLANG_WARN_INFINITE_RECURSION = YES;
				CLANG_WARN_INT_CONVERSION = YES;
				CLANG_WARN_NON_LITERAL_NULL_CONVERSION = YES;
				CLANG_WARN_OBJC_IMPLICIT_RETAIN_SELF = YES;
				CLANG_WARN_OBJC_LITERAL_CONVERSION = YES;
				CLANG_WARN_OBJC_ROOT_CLASS = YES_ERROR;
				CLANG_WARN_QUOTED_INCLUDE_IN_FRAMEWORK_HEADER = YES;
				CLANG_WARN_RANGE_LOOP_ANALYSIS = YES;
				CLANG_WARN_STRICT_PROTOTYPES = YES;
				CLANG_WARN_SUSPICIOUS_MOVE = YES;
				CLANG_WARN_UNGUARDED_AVAILABILITY = YES_AGGRESSIVE;
				CLANG_WARN_UNREACHABLE_CODE = YES;
				CLANG_WARN__DUPLICATE_METHOD_MATCH = YES;
				COPY_PHASE_STRIP = NO;
				DEBUG_INFORMATION_FORMAT = dwarf;
				ENABLE_STRICT_OBJC_MSGSEND = YES;
				ENABLE_TESTABILITY = YES;
				GCC_C_LANGUAGE_STANDARD = gnu11;
				GCC_DYNAMIC_NO_PIC = NO;
				GCC_NO_COMMON_BLOCKS = YES;
				GCC_OPTIMIZATION_LEVEL = 0;
				GCC_PREPROCESSOR_DEFINITIONS = (
					"DEBUG=1",
					"$(inherited)",
				);
				GCC_WARN_64_TO_32_BIT_CONVERSION = YES;
				GCC_WARN_ABOUT_RETURN_TYPE = YES_ERROR;
				GCC_WARN_UNDECLARED_SELECTOR = YES;
				GCC_WARN_UNINITIALIZED_AUTOS = YES_AGGRESSIVE;
				GCC_WARN_UNUSED_FUNCTION = YES;
				GCC_WARN_UNUSED_VARIABLE = YES;
				IPHONEOS_DEPLOYMENT_TARGET = 15.4;
				MTL_ENABLE_DEBUG_INFO = INCLUDE_SOURCE;
				MTL_FAST_MATH = YES;
				ONLY_ACTIVE_ARCH = YES;
				SDKROOT = iphoneos;
				SWIFT_ACTIVE_COMPILATION_CONDITIONS = DEBUG;
				SWIFT_OPTIMIZATION_LEVEL = "-Onone";
			};
			name = Debug;
		};
		DE631EC127F93547008CD844 /* Release */ = {
			isa = XCBuildConfiguration;
			buildSettings = {
				ALWAYS_SEARCH_USER_PATHS = NO;
				CLANG_ANALYZER_NONNULL = YES;
				CLANG_ANALYZER_NUMBER_OBJECT_CONVERSION = YES_AGGRESSIVE;
				CLANG_CXX_LANGUAGE_STANDARD = "gnu++17";
				CLANG_ENABLE_MODULES = YES;
				CLANG_ENABLE_OBJC_ARC = YES;
				CLANG_ENABLE_OBJC_WEAK = YES;
				CLANG_WARN_BLOCK_CAPTURE_AUTORELEASING = YES;
				CLANG_WARN_BOOL_CONVERSION = YES;
				CLANG_WARN_COMMA = YES;
				CLANG_WARN_CONSTANT_CONVERSION = YES;
				CLANG_WARN_DEPRECATED_OBJC_IMPLEMENTATIONS = YES;
				CLANG_WARN_DIRECT_OBJC_ISA_USAGE = YES_ERROR;
				CLANG_WARN_DOCUMENTATION_COMMENTS = YES;
				CLANG_WARN_EMPTY_BODY = YES;
				CLANG_WARN_ENUM_CONVERSION = YES;
				CLANG_WARN_INFINITE_RECURSION = YES;
				CLANG_WARN_INT_CONVERSION = YES;
				CLANG_WARN_NON_LITERAL_NULL_CONVERSION = YES;
				CLANG_WARN_OBJC_IMPLICIT_RETAIN_SELF = YES;
				CLANG_WARN_OBJC_LITERAL_CONVERSION = YES;
				CLANG_WARN_OBJC_ROOT_CLASS = YES_ERROR;
				CLANG_WARN_QUOTED_INCLUDE_IN_FRAMEWORK_HEADER = YES;
				CLANG_WARN_RANGE_LOOP_ANALYSIS = YES;
				CLANG_WARN_STRICT_PROTOTYPES = YES;
				CLANG_WARN_SUSPICIOUS_MOVE = YES;
				CLANG_WARN_UNGUARDED_AVAILABILITY = YES_AGGRESSIVE;
				CLANG_WARN_UNREACHABLE_CODE = YES;
				CLANG_WARN__DUPLICATE_METHOD_MATCH = YES;
				COPY_PHASE_STRIP = NO;
				DEBUG_INFORMATION_FORMAT = "dwarf-with-dsym";
				ENABLE_NS_ASSERTIONS = NO;
				ENABLE_STRICT_OBJC_MSGSEND = YES;
				GCC_C_LANGUAGE_STANDARD = gnu11;
				GCC_NO_COMMON_BLOCKS = YES;
				GCC_WARN_64_TO_32_BIT_CONVERSION = YES;
				GCC_WARN_ABOUT_RETURN_TYPE = YES_ERROR;
				GCC_WARN_UNDECLARED_SELECTOR = YES;
				GCC_WARN_UNINITIALIZED_AUTOS = YES_AGGRESSIVE;
				GCC_WARN_UNUSED_FUNCTION = YES;
				GCC_WARN_UNUSED_VARIABLE = YES;
				IPHONEOS_DEPLOYMENT_TARGET = 15.4;
				MTL_ENABLE_DEBUG_INFO = NO;
				MTL_FAST_MATH = YES;
				SDKROOT = iphoneos;
				SWIFT_COMPILATION_MODE = wholemodule;
				SWIFT_OPTIMIZATION_LEVEL = "-O";
				VALIDATE_PRODUCT = YES;
			};
			name = Release;
		};
		DE631EC327F93547008CD844 /* Debug */ = {
			isa = XCBuildConfiguration;
			baseConfigurationReference = 2D0874AD1B805580A3C06200 /* Pods-CityWeather.debug.xcconfig */;
			buildSettings = {
				ASSETCATALOG_COMPILER_APPICON_NAME = AppIcon;
				ASSETCATALOG_COMPILER_GLOBAL_ACCENT_COLOR_NAME = AccentColor;
				CODE_SIGN_STYLE = Automatic;
				CURRENT_PROJECT_VERSION = 1;
				DEVELOPMENT_ASSET_PATHS = "\"CityWeather/Preview Content\"";
				ENABLE_PREVIEWS = YES;
				GENERATE_INFOPLIST_FILE = YES;
				INFOPLIST_KEY_UIApplicationSceneManifest_Generation = YES;
				INFOPLIST_KEY_UIApplicationSupportsIndirectInputEvents = YES;
				INFOPLIST_KEY_UILaunchScreen_Generation = YES;
				INFOPLIST_KEY_UISupportedInterfaceOrientations_iPad = "UIInterfaceOrientationPortrait UIInterfaceOrientationPortraitUpsideDown UIInterfaceOrientationLandscapeLeft UIInterfaceOrientationLandscapeRight";
				INFOPLIST_KEY_UISupportedInterfaceOrientations_iPhone = "UIInterfaceOrientationPortrait UIInterfaceOrientationLandscapeLeft UIInterfaceOrientationLandscapeRight";
				LD_RUNPATH_SEARCH_PATHS = (
					"$(inherited)",
					"@executable_path/Frameworks",
				);
				MARKETING_VERSION = 1.0;
				PRODUCT_BUNDLE_IDENTIFIER = com.jakesulkoske.CityWeather;
				PRODUCT_NAME = "$(TARGET_NAME)";
				SWIFT_EMIT_LOC_STRINGS = YES;
				SWIFT_VERSION = 5.0;
				TARGETED_DEVICE_FAMILY = "1,2";
			};
			name = Debug;
		};
		DE631EC427F93547008CD844 /* Release */ = {
			isa = XCBuildConfiguration;
			baseConfigurationReference = 40EA4D199FDA5669BEB0EF26 /* Pods-CityWeather.release.xcconfig */;
			buildSettings = {
				ASSETCATALOG_COMPILER_APPICON_NAME = AppIcon;
				ASSETCATALOG_COMPILER_GLOBAL_ACCENT_COLOR_NAME = AccentColor;
				CODE_SIGN_STYLE = Automatic;
				CURRENT_PROJECT_VERSION = 1;
				DEVELOPMENT_ASSET_PATHS = "\"CityWeather/Preview Content\"";
				ENABLE_PREVIEWS = YES;
				GENERATE_INFOPLIST_FILE = YES;
				INFOPLIST_KEY_UIApplicationSceneManifest_Generation = YES;
				INFOPLIST_KEY_UIApplicationSupportsIndirectInputEvents = YES;
				INFOPLIST_KEY_UILaunchScreen_Generation = YES;
				INFOPLIST_KEY_UISupportedInterfaceOrientations_iPad = "UIInterfaceOrientationPortrait UIInterfaceOrientationPortraitUpsideDown UIInterfaceOrientationLandscapeLeft UIInterfaceOrientationLandscapeRight";
				INFOPLIST_KEY_UISupportedInterfaceOrientations_iPhone = "UIInterfaceOrientationPortrait UIInterfaceOrientationLandscapeLeft UIInterfaceOrientationLandscapeRight";
				LD_RUNPATH_SEARCH_PATHS = (
					"$(inherited)",
					"@executable_path/Frameworks",
				);
				MARKETING_VERSION = 1.0;
				PRODUCT_BUNDLE_IDENTIFIER = com.jakesulkoske.CityWeather;
				PRODUCT_NAME = "$(TARGET_NAME)";
				SWIFT_EMIT_LOC_STRINGS = YES;
				SWIFT_VERSION = 5.0;
				TARGETED_DEVICE_FAMILY = "1,2";
			};
			name = Release;
		};
		DE631EF927FA009E008CD844 /* Debug */ = {
			isa = XCBuildConfiguration;
			baseConfigurationReference = 197A29D229B1897B8124729D /* Pods-CityWeatherTests.debug.xcconfig */;
			buildSettings = {
				BUNDLE_LOADER = "$(TEST_HOST)";
				CODE_SIGN_STYLE = Automatic;
				CURRENT_PROJECT_VERSION = 1;
				GENERATE_INFOPLIST_FILE = YES;
				MARKETING_VERSION = 1.0;
				PRODUCT_BUNDLE_IDENTIFIER = com.jakesulkoske.CityWeatherTests;
				PRODUCT_NAME = "$(TARGET_NAME)";
				SWIFT_EMIT_LOC_STRINGS = NO;
				SWIFT_VERSION = 5.0;
				TARGETED_DEVICE_FAMILY = "1,2";
				TEST_HOST = "$(BUILT_PRODUCTS_DIR)/CityWeather.app/CityWeather";
			};
			name = Debug;
		};
		DE631EFA27FA009E008CD844 /* Release */ = {
			isa = XCBuildConfiguration;
			baseConfigurationReference = 800FC96A67636FFCD90955F2 /* Pods-CityWeatherTests.release.xcconfig */;
			buildSettings = {
				BUNDLE_LOADER = "$(TEST_HOST)";
				CODE_SIGN_STYLE = Automatic;
				CURRENT_PROJECT_VERSION = 1;
				GENERATE_INFOPLIST_FILE = YES;
				MARKETING_VERSION = 1.0;
				PRODUCT_BUNDLE_IDENTIFIER = com.jakesulkoske.CityWeatherTests;
				PRODUCT_NAME = "$(TARGET_NAME)";
				SWIFT_EMIT_LOC_STRINGS = NO;
				SWIFT_VERSION = 5.0;
				TARGETED_DEVICE_FAMILY = "1,2";
				TEST_HOST = "$(BUILT_PRODUCTS_DIR)/CityWeather.app/CityWeather";
			};
			name = Release;
		};
/* End XCBuildConfiguration section */

/* Begin XCConfigurationList section */
		DE631EAF27F93544008CD844 /* Build configuration list for PBXProject "CityWeather" */ = {
			isa = XCConfigurationList;
			buildConfigurations = (
				DE631EC027F93547008CD844 /* Debug */,
				DE631EC127F93547008CD844 /* Release */,
			);
			defaultConfigurationIsVisible = 0;
			defaultConfigurationName = Release;
		};
		DE631EC227F93547008CD844 /* Build configuration list for PBXNativeTarget "CityWeather" */ = {
			isa = XCConfigurationList;
			buildConfigurations = (
				DE631EC327F93547008CD844 /* Debug */,
				DE631EC427F93547008CD844 /* Release */,
			);
			defaultConfigurationIsVisible = 0;
			defaultConfigurationName = Release;
		};
		DE631EFB27FA009E008CD844 /* Build configuration list for PBXNativeTarget "CityWeatherTests" */ = {
			isa = XCConfigurationList;
			buildConfigurations = (
				DE631EF927FA009E008CD844 /* Debug */,
				DE631EFA27FA009E008CD844 /* Release */,
			);
			defaultConfigurationIsVisible = 0;
			defaultConfigurationName = Release;
		};
/* End XCConfigurationList section */

/* Begin XCVersionGroup section */
		DE631EE627F9F75A008CD844 /* City.xcdatamodeld */ = {
			isa = XCVersionGroup;
			children = (
				DE631EE727F9F75A008CD844 /* City.xcdatamodel */,
			);
			currentVersion = DE631EE727F9F75A008CD844 /* City.xcdatamodel */;
			path = City.xcdatamodeld;
			sourceTree = "<group>";
			versionGroupType = wrapper.xcdatamodel;
		};
/* End XCVersionGroup section */
	};
	rootObject = DE631EAC27F93544008CD844 /* Project object */;
}
